
Microsoft Visual Studio Solution File, Format Version 12.00
# Visual Studio Version 17
VisualStudioVersion = 17.1.32319.34
MinimumVisualStudioVersion = 10.0.40219.1
Project("{9A19103F-16F7-4668-BE54-9A1E7A4F7556}") = "RPGCombatKata", "RPGCombatKata\RPGCombatKata.csproj", "{E2404E37-15A1-49F1-984E-A3F41A1D1E5A}"
EndProject
Project("{FAE04EC0-301F-11D3-BF4B-00C04F79EFBC}") = "RPGCombatKata.IterationOne.Test", "RPGCombatKata.IterationOne.Test\RPGCombatKata.IterationOne.Test.csproj", "{13340901-0A9F-4278-ABB1-A03426CBE4DC}"
EndProject
Project("{2150E333-8FDC-42A3-9474-1A3956D46DE8}") = "Solution Items", "Solution Items", "{827C961D-EAC7-48DC-AA99-0210CEAF094B}"
	ProjectSection(SolutionItems) = preProject
		.gitignore = .gitignore
	EndProjectSection
EndProject
Global
	GlobalSection(SolutionConfigurationPlatforms) = preSolution
		Debug|Any CPU = Debug|Any CPU
		Release|Any CPU = Release|Any CPU
	EndGlobalSection
	GlobalSection(ProjectConfigurationPlatforms) = postSolution
		{E2404E37-15A1-49F1-984E-A3F41A1D1E5A}.Debug|Any CPU.ActiveCfg = Debug|Any CPU
		{E2404E37-15A1-49F1-984E-A3F41A1D1E5A}.Debug|Any CPU.Build.0 = Debug|Any CPU
		{E2404E37-15A1-49F1-984E-A3F41A1D1E5A}.Release|Any CPU.ActiveCfg = Release|Any CPU
		{E2404E37-15A1-49F1-984E-A3F41A1D1E5A}.Release|Any CPU.Build.0 = Release|Any CPU
		{13340901-0A9F-4278-ABB1-A03426CBE4DC}.Debug|Any CPU.ActiveCfg = Debug|Any CPU
		{13340901-0A9F-4278-ABB1-A03426CBE4DC}.Debug|Any CPU.Build.0 = Debug|Any CPU
		{13340901-0A9F-4278-ABB1-A03426CBE4DC}.Release|Any CPU.ActiveCfg = Release|Any CPU
		{13340901-0A9F-4278-ABB1-A03426CBE4DC}.Release|Any CPU.Build.0 = Release|Any CPU
	EndGlobalSection
	GlobalSection(SolutionProperties) = preSolution
		HideSolutionNode = FALSE
	EndGlobalSection
	GlobalSection(ExtensibilityGlobals) = postSolution
		SolutionGuid = {C966500C-FA4C-4101-AC69-F725F1E92E64}
	EndGlobalSection
EndGlobal
